
Microsoft Visual Studio Solution File, Format Version 12.00
Project("{FAE04EC0-301F-11D3-BF4B-00C04F79EFBC}") = "Facade", "Facade\Facade.csproj", "{6690056B-9E24-4739-8908-01A149E663EB}"
EndProject
Project("{FAE04EC0-301F-11D3-BF4B-00C04F79EFBC}") = "Proxy", "Proxy\Proxy.csproj", "{C01333E1-6A3B-4998-8249-9BCC15DE532E}"
EndProject
Project("{FAE04EC0-301F-11D3-BF4B-00C04F79EFBC}") = "FlyWeight", "FlyWeight\FlyWeight.csproj", "{4ADD82C8-714D-4A36-9CF6-973A51CB8DF3}"
EndProject
Project("{FAE04EC0-301F-11D3-BF4B-00C04F79EFBC}") = "TemplateMethod", "TemplateMethod\TemplateMethod.csproj", "{6642B328-CAA5-4630-AB6C-3A4A1B4DC09B}"
EndProject
Project("{FAE04EC0-301F-11D3-BF4B-00C04F79EFBC}") = "Strategy", "Strategy\Strategy.csproj", "{CBC52B60-3E81-431F-8D95-2294AC1CA7A5}"
EndProject
Project("{FAE04EC0-301F-11D3-BF4B-00C04F79EFBC}") = "Command", "Command\Command.csproj", "{5126B564-5925-41CB-BA43-A7BD7ED36C93}"
EndProject
Project("{FAE04EC0-301F-11D3-BF4B-00C04F79EFBC}") = "Memento", "Memento\Memento.csproj", "{C51DE464-C287-4AE1-81C0-0427BF8ACBD8}"
EndProject
Project("{FAE04EC0-301F-11D3-BF4B-00C04F79EFBC}") = "Mediator", "Mediator\Mediator.csproj", "{D1B880E6-FD75-4EF8-8C8C-A91F2189DE76}"
EndProject
Global
	GlobalSection(SolutionConfigurationPlatforms) = preSolution
		Debug|Any CPU = Debug|Any CPU
		Release|Any CPU = Release|Any CPU
	EndGlobalSection
	GlobalSection(ProjectConfigurationPlatforms) = postSolution
		{6690056B-9E24-4739-8908-01A149E663EB}.Debug|Any CPU.ActiveCfg = Debug|Any CPU
		{6690056B-9E24-4739-8908-01A149E663EB}.Debug|Any CPU.Build.0 = Debug|Any CPU
		{6690056B-9E24-4739-8908-01A149E663EB}.Release|Any CPU.ActiveCfg = Release|Any CPU
		{6690056B-9E24-4739-8908-01A149E663EB}.Release|Any CPU.Build.0 = Release|Any CPU
		{C01333E1-6A3B-4998-8249-9BCC15DE532E}.Debug|Any CPU.ActiveCfg = Debug|Any CPU
		{C01333E1-6A3B-4998-8249-9BCC15DE532E}.Debug|Any CPU.Build.0 = Debug|Any CPU
		{C01333E1-6A3B-4998-8249-9BCC15DE532E}.Release|Any CPU.ActiveCfg = Release|Any CPU
		{C01333E1-6A3B-4998-8249-9BCC15DE532E}.Release|Any CPU.Build.0 = Release|Any CPU
		{4ADD82C8-714D-4A36-9CF6-973A51CB8DF3}.Debug|Any CPU.ActiveCfg = Debug|Any CPU
		{4ADD82C8-714D-4A36-9CF6-973A51CB8DF3}.Debug|Any CPU.Build.0 = Debug|Any CPU
		{4ADD82C8-714D-4A36-9CF6-973A51CB8DF3}.Release|Any CPU.ActiveCfg = Release|Any CPU
		{4ADD82C8-714D-4A36-9CF6-973A51CB8DF3}.Release|Any CPU.Build.0 = Release|Any CPU
		{6642B328-CAA5-4630-AB6C-3A4A1B4DC09B}.Debug|Any CPU.ActiveCfg = Debug|Any CPU
		{6642B328-CAA5-4630-AB6C-3A4A1B4DC09B}.Debug|Any CPU.Build.0 = Debug|Any CPU
		{6642B328-CAA5-4630-AB6C-3A4A1B4DC09B}.Release|Any CPU.ActiveCfg = Release|Any CPU
		{6642B328-CAA5-4630-AB6C-3A4A1B4DC09B}.Release|Any CPU.Build.0 = Release|Any CPU
		{CBC52B60-3E81-431F-8D95-2294AC1CA7A5}.Debug|Any CPU.ActiveCfg = Debug|Any CPU
		{CBC52B60-3E81-431F-8D95-2294AC1CA7A5}.Debug|Any CPU.Build.0 = Debug|Any CPU
		{CBC52B60-3E81-431F-8D95-2294AC1CA7A5}.Release|Any CPU.ActiveCfg = Release|Any CPU
		{CBC52B60-3E81-431F-8D95-2294AC1CA7A5}.Release|Any CPU.Build.0 = Release|Any CPU
		{5126B564-5925-41CB-BA43-A7BD7ED36C93}.Debug|Any CPU.ActiveCfg = Debug|Any CPU
		{5126B564-5925-41CB-BA43-A7BD7ED36C93}.Debug|Any CPU.Build.0 = Debug|Any CPU
		{5126B564-5925-41CB-BA43-A7BD7ED36C93}.Release|Any CPU.ActiveCfg = Release|Any CPU
		{5126B564-5925-41CB-BA43-A7BD7ED36C93}.Release|Any CPU.Build.0 = Release|Any CPU
		{C51DE464-C287-4AE1-81C0-0427BF8ACBD8}.Debug|Any CPU.ActiveCfg = Debug|Any CPU
		{C51DE464-C287-4AE1-81C0-0427BF8ACBD8}.Debug|Any CPU.Build.0 = Debug|Any CPU
		{C51DE464-C287-4AE1-81C0-0427BF8ACBD8}.Release|Any CPU.ActiveCfg = Release|Any CPU
		{C51DE464-C287-4AE1-81C0-0427BF8ACBD8}.Release|Any CPU.Build.0 = Release|Any CPU
		{D1B880E6-FD75-4EF8-8C8C-A91F2189DE76}.Debug|Any CPU.ActiveCfg = Debug|Any CPU
		{D1B880E6-FD75-4EF8-8C8C-A91F2189DE76}.Debug|Any CPU.Build.0 = Debug|Any CPU
		{D1B880E6-FD75-4EF8-8C8C-A91F2189DE76}.Release|Any CPU.ActiveCfg = Release|Any CPU
		{D1B880E6-FD75-4EF8-8C8C-A91F2189DE76}.Release|Any CPU.Build.0 = Release|Any CPU
	EndGlobalSection
EndGlobal
